
Microsoft Visual Studio Solution File, Format Version 12.00
# Visual Studio Version 16
VisualStudioVersion = 16.0.29609.76
MinimumVisualStudioVersion = 10.0.40219.1
Project("{FAE04EC0-301F-11D3-BF4B-00C04F79EFBC}") = "CustomerMaintainer", "CustomerMaintainer\CustomerMaintainer.csproj", "{7B56E139-6F8B-446A-9581-07B481DAE017}"
EndProject
Project("{FAE04EC0-301F-11D3-BF4B-00C04F79EFBC}") = "CustomerMaintainer.Tests", "CustomerMaintainer.Tests\CustomerMaintainer.Tests.csproj", "{3CF16D51-0848-4C07-A330-2BD992994E8F}"
EndProject
Global
	GlobalSection(SolutionConfigurationPlatforms) = preSolution
		Debug|Any CPU = Debug|Any CPU
		Release|Any CPU = Release|Any CPU
	EndGlobalSection
	GlobalSection(ProjectConfigurationPlatforms) = postSolution
		{7B56E139-6F8B-446A-9581-07B481DAE017}.Debug|Any CPU.ActiveCfg = Debug|Any CPU
		{7B56E139-6F8B-446A-9581-07B481DAE017}.Debug|Any CPU.Build.0 = Debug|Any CPU
		{7B56E139-6F8B-446A-9581-07B481DAE017}.Release|Any CPU.ActiveCfg = Release|Any CPU
		{7B56E139-6F8B-446A-9581-07B481DAE017}.Release|Any CPU.Build.0 = Release|Any CPU
		{3CF16D51-0848-4C07-A330-2BD992994E8F}.Debug|Any CPU.ActiveCfg = Debug|Any CPU
		{3CF16D51-0848-4C07-A330-2BD992994E8F}.Debug|Any CPU.Build.0 = Debug|Any CPU
		{3CF16D51-0848-4C07-A330-2BD992994E8F}.Release|Any CPU.ActiveCfg = Release|Any CPU
		{3CF16D51-0848-4C07-A330-2BD992994E8F}.Release|Any CPU.Build.0 = Release|Any CPU
	EndGlobalSection
	GlobalSection(SolutionProperties) = preSolution
		HideSolutionNode = FALSE
	EndGlobalSection
	GlobalSection(ExtensibilityGlobals) = postSolution
		SolutionGuid = {CF69679D-BF3E-490B-8203-847214613F74}
	EndGlobalSection
EndGlobal
